
Microsoft Visual Studio Solution File, Format Version 12.00
# Visual Studio Version 16
VisualStudioVersion = 16.0.29613.14
MinimumVisualStudioVersion = 10.0.40219.1
Project("{2150E333-8FDC-42A3-9474-1A3956D46DE8}") = "src", "src", "{AA8C36BE-B9A5-4D72-A32D-761C72905283}"
EndProject
Project("{9A19103F-16F7-4668-BE54-9A1E7A4F7556}") = "CMS", "src\CMS\CMS.csproj", "{4F40D90B-15EC-4BBA-90B9-DE00615BFCF7}"
EndProject
Project("{9A19103F-16F7-4668-BE54-9A1E7A4F7556}") = "CMS.Admin", "src\CMS.Admin\CMS.Admin.csproj", "{BCCB80AA-73EC-49F8-81F0-B84F0BEAC3D4}"
EndProject
Project("{9A19103F-16F7-4668-BE54-9A1E7A4F7556}") = "CMS.SDK", "src\CMS.SDK\CMS.SDK.csproj", "{33B801DA-1EF0-437D-80AA-47D2F4E3330A}"
EndProject
Project("{FAE04EC0-301F-11D3-BF4B-00C04F79EFBC}") = "CMS.Services", "src\CMS.Services\CMS.Services.csproj", "{C8280CAA-B296-4A43-8436-2097E471C4E0}"
EndProject
Global
	GlobalSection(SolutionConfigurationPlatforms) = preSolution
		Debug|Any CPU = Debug|Any CPU
		Release|Any CPU = Release|Any CPU
	EndGlobalSection
	GlobalSection(ProjectConfigurationPlatforms) = postSolution
		{4F40D90B-15EC-4BBA-90B9-DE00615BFCF7}.Debug|Any CPU.ActiveCfg = Debug|Any CPU
		{4F40D90B-15EC-4BBA-90B9-DE00615BFCF7}.Debug|Any CPU.Build.0 = Debug|Any CPU
		{4F40D90B-15EC-4BBA-90B9-DE00615BFCF7}.Release|Any CPU.ActiveCfg = Release|Any CPU
		{4F40D90B-15EC-4BBA-90B9-DE00615BFCF7}.Release|Any CPU.Build.0 = Release|Any CPU
		{BCCB80AA-73EC-49F8-81F0-B84F0BEAC3D4}.Debug|Any CPU.ActiveCfg = Debug|Any CPU
		{BCCB80AA-73EC-49F8-81F0-B84F0BEAC3D4}.Debug|Any CPU.Build.0 = Debug|Any CPU
		{BCCB80AA-73EC-49F8-81F0-B84F0BEAC3D4}.Release|Any CPU.ActiveCfg = Release|Any CPU
		{BCCB80AA-73EC-49F8-81F0-B84F0BEAC3D4}.Release|Any CPU.Build.0 = Release|Any CPU
		{33B801DA-1EF0-437D-80AA-47D2F4E3330A}.Debug|Any CPU.ActiveCfg = Debug|Any CPU
		{33B801DA-1EF0-437D-80AA-47D2F4E3330A}.Debug|Any CPU.Build.0 = Debug|Any CPU
		{33B801DA-1EF0-437D-80AA-47D2F4E3330A}.Release|Any CPU.ActiveCfg = Release|Any CPU
		{33B801DA-1EF0-437D-80AA-47D2F4E3330A}.Release|Any CPU.Build.0 = Release|Any CPU
		{C8280CAA-B296-4A43-8436-2097E471C4E0}.Debug|Any CPU.ActiveCfg = Debug|Any CPU
		{C8280CAA-B296-4A43-8436-2097E471C4E0}.Debug|Any CPU.Build.0 = Debug|Any CPU
		{C8280CAA-B296-4A43-8436-2097E471C4E0}.Release|Any CPU.ActiveCfg = Release|Any CPU
		{C8280CAA-B296-4A43-8436-2097E471C4E0}.Release|Any CPU.Build.0 = Release|Any CPU
	EndGlobalSection
	GlobalSection(SolutionProperties) = preSolution
		HideSolutionNode = FALSE
	EndGlobalSection
	GlobalSection(NestedProjects) = preSolution
		{4F40D90B-15EC-4BBA-90B9-DE00615BFCF7} = {AA8C36BE-B9A5-4D72-A32D-761C72905283}
		{BCCB80AA-73EC-49F8-81F0-B84F0BEAC3D4} = {AA8C36BE-B9A5-4D72-A32D-761C72905283}
		{33B801DA-1EF0-437D-80AA-47D2F4E3330A} = {AA8C36BE-B9A5-4D72-A32D-761C72905283}
		{C8280CAA-B296-4A43-8436-2097E471C4E0} = {AA8C36BE-B9A5-4D72-A32D-761C72905283}
	EndGlobalSection
	GlobalSection(ExtensibilityGlobals) = postSolution
		SolutionGuid = {E971313F-17C7-4404-ACD4-CD4DC5A14F7A}
	EndGlobalSection
EndGlobal
